
Microsoft Visual Studio Solution File, Format Version 12.00
# Visual Studio Version 17
VisualStudioVersion = 17.5.33530.505
MinimumVisualStudioVersion = 10.0.40219.1
Project("{FAE04EC0-301F-11D3-BF4B-00C04F79EFBC}") = "Lab3", "Lab3\Lab3.csproj", "{699DAF74-8433-434C-8274-3D94ABB79351}"
EndProject
Global
	GlobalSection(SolutionConfigurationPlatforms) = preSolution
		Debug|Any CPU = Debug|Any CPU
		Release|Any CPU = Release|Any CPU
	EndGlobalSection
	GlobalSection(ProjectConfigurationPlatforms) = postSolution
		{699DAF74-8433-434C-8274-3D94ABB79351}.Debug|Any CPU.ActiveCfg = Debug|Any CPU
		{699DAF74-8433-434C-8274-3D94ABB79351}.Debug|Any CPU.Build.0 = Debug|Any CPU
		{699DAF74-8433-434C-8274-3D94ABB79351}.Release|Any CPU.ActiveCfg = Release|Any CPU
		{699DAF74-8433-434C-8274-3D94ABB79351}.Release|Any CPU.Build.0 = Release|Any CPU
	EndGlobalSection
	GlobalSection(SolutionProperties) = preSolution
		HideSolutionNode = FALSE
	EndGlobalSection
	GlobalSection(ExtensibilityGlobals) = postSolution
		SolutionGuid = {F16E6197-9B9C-4F47-AA18-0815B5E28127}
	EndGlobalSection
EndGlobal
