
Microsoft Visual Studio Solution File, Format Version 12.00
# Visual Studio Version 17
VisualStudioVersion = 17.5.33530.505
MinimumVisualStudioVersion = 10.0.40219.1
Project("{FAE04EC0-301F-11D3-BF4B-00C04F79EFBC}") = "Assignment2", "Assignment2\Assignment2.csproj", "{4179D53F-63D4-491D-9F34-4FC77BAE1BDE}"
EndProject
Global
	GlobalSection(SolutionConfigurationPlatforms) = preSolution
		Debug|Any CPU = Debug|Any CPU
		Release|Any CPU = Release|Any CPU
	EndGlobalSection
	GlobalSection(ProjectConfigurationPlatforms) = postSolution
		{4179D53F-63D4-491D-9F34-4FC77BAE1BDE}.Debug|Any CPU.ActiveCfg = Debug|Any CPU
		{4179D53F-63D4-491D-9F34-4FC77BAE1BDE}.Debug|Any CPU.Build.0 = Debug|Any CPU
		{4179D53F-63D4-491D-9F34-4FC77BAE1BDE}.Release|Any CPU.ActiveCfg = Release|Any CPU
		{4179D53F-63D4-491D-9F34-4FC77BAE1BDE}.Release|Any CPU.Build.0 = Release|Any CPU
	EndGlobalSection
	GlobalSection(SolutionProperties) = preSolution
		HideSolutionNode = FALSE
	EndGlobalSection
	GlobalSection(ExtensibilityGlobals) = postSolution
		SolutionGuid = {DDA72FFF-610D-4393-9191-AD162984025F}
	EndGlobalSection
EndGlobal
